
Microsoft Visual Studio Solution File, Format Version 12.00
# Visual Studio 15
VisualStudioVersion = 15.0.27703.2047
MinimumVisualStudioVersion = 10.0.40219.1
Project("{FAE04EC0-301F-11D3-BF4B-00C04F79EFBC}") = "WebApplication1", "WebApplication1\WebApplication1.csproj", "{41FA7FD8-BB6F-4DD6-A1FF-48C5F7A4E259}"
EndProject
Project("{FAE04EC0-301F-11D3-BF4B-00C04F79EFBC}") = "WebApplication1.Tests", "WebApplication1.Tests\WebApplication1.Tests.csproj", "{746F7CBD-BEE8-4685-AA75-A7A9C4A48892}"
EndProject
Global
	GlobalSection(SolutionConfigurationPlatforms) = preSolution
		Debug|Any CPU = Debug|Any CPU
		Release|Any CPU = Release|Any CPU
	EndGlobalSection
	GlobalSection(ProjectConfigurationPlatforms) = postSolution
		{41FA7FD8-BB6F-4DD6-A1FF-48C5F7A4E259}.Debug|Any CPU.ActiveCfg = Debug|Any CPU
		{41FA7FD8-BB6F-4DD6-A1FF-48C5F7A4E259}.Debug|Any CPU.Build.0 = Debug|Any CPU
		{41FA7FD8-BB6F-4DD6-A1FF-48C5F7A4E259}.Release|Any CPU.ActiveCfg = Release|Any CPU
		{41FA7FD8-BB6F-4DD6-A1FF-48C5F7A4E259}.Release|Any CPU.Build.0 = Release|Any CPU
		{746F7CBD-BEE8-4685-AA75-A7A9C4A48892}.Debug|Any CPU.ActiveCfg = Debug|Any CPU
		{746F7CBD-BEE8-4685-AA75-A7A9C4A48892}.Debug|Any CPU.Build.0 = Debug|Any CPU
		{746F7CBD-BEE8-4685-AA75-A7A9C4A48892}.Release|Any CPU.ActiveCfg = Release|Any CPU
		{746F7CBD-BEE8-4685-AA75-A7A9C4A48892}.Release|Any CPU.Build.0 = Release|Any CPU
	EndGlobalSection
	GlobalSection(SolutionProperties) = preSolution
		HideSolutionNode = FALSE
	EndGlobalSection
	GlobalSection(ExtensibilityGlobals) = postSolution
		SolutionGuid = {CE69F8BE-9FC3-49ED-BBA5-01E6A281BC90}
	EndGlobalSection
EndGlobal
